
Microsoft Visual Studio Solution File, Format Version 12.00
# Visual Studio Version 17
VisualStudioVersion = 17.14.36327.8 d17.14
MinimumVisualStudioVersion = 10.0.40219.1
Project("{FAE04EC0-301F-11D3-BF4B-00C04F79EFBC}") = "MyApi", "MyApi\MyApi.csproj", "{597530D4-31F3-4CEE-BA37-11EC5928BBB3}"
EndProject
Global
	GlobalSection(SolutionConfigurationPlatforms) = preSolution
		Debug|Any CPU = Debug|Any CPU
		Release|Any CPU = Release|Any CPU
	EndGlobalSection
	GlobalSection(ProjectConfigurationPlatforms) = postSolution
		{597530D4-31F3-4CEE-BA37-11EC5928BBB3}.Debug|Any CPU.ActiveCfg = Debug|Any CPU
		{597530D4-31F3-4CEE-BA37-11EC5928BBB3}.Debug|Any CPU.Build.0 = Debug|Any CPU
		{597530D4-31F3-4CEE-BA37-11EC5928BBB3}.Release|Any CPU.ActiveCfg = Release|Any CPU
		{597530D4-31F3-4CEE-BA37-11EC5928BBB3}.Release|Any CPU.Build.0 = Release|Any CPU
	EndGlobalSection
	GlobalSection(SolutionProperties) = preSolution
		HideSolutionNode = FALSE
	EndGlobalSection
	GlobalSection(ExtensibilityGlobals) = postSolution
		SolutionGuid = {5BECBDA4-5088-4B2E-9FE2-9DCB25CCD01C}
	EndGlobalSection
EndGlobal
